// !$*UTF8*$!
{
	archiveVersion = 1;
	classes = {
	};
	objectVersion = 77;
	objects = {

/* Begin PBXBuildFile section */
		1B8E910B2D93AE44006CAEED /* BitcoinKit in Frameworks */ = {isa = PBXBuildFile; productRef = 1B8E910A2D93AE44006CAEED /* BitcoinKit */; };
		1B8E91122D944A7E006CAEED /* SwiftProtobuf in Frameworks */ = {isa = PBXBuildFile; productRef = 1B8E91112D944A7E006CAEED /* SwiftProtobuf */; };
		1B8E91142D944A7E006CAEED /* SwiftProtobufPluginLibrary in Frameworks */ = {isa = PBXBuildFile; productRef = 1B8E91132D944A7E006CAEED /* SwiftProtobufPluginLibrary */; };
		1B8E91172D944AC1006CAEED /* GRPCCodeGen in Frameworks */ = {isa = PBXBuildFile; productRef = 1B8E91162D944AC1006CAEED /* GRPCCodeGen */; };
		1B8E91192D944AC1006CAEED /* GRPCCore in Frameworks */ = {isa = PBXBuildFile; productRef = 1B8E91182D944AC1006CAEED /* GRPCCore */; };
		1B8E911B2D944AC1006CAEED /* GRPCInProcessTransport in Frameworks */ = {isa = PBXBuildFile; productRef = 1B8E911A2D944AC1006CAEED /* GRPCInProcessTransport */; };
		1B8E911E2D944AD6006CAEED /* GRPCProtobuf in Frameworks */ = {isa = PBXBuildFile; productRef = 1B8E911D2D944AD6006CAEED /* GRPCProtobuf */; };
		1B8E91222D944D01006CAEED /* NIO in Frameworks */ = {isa = PBXBuildFile; productRef = 1B8E91212D944D01006CAEED /* NIO */; };
		1B8E91242D944D01006CAEED /* NIOConcurrencyHelpers in Frameworks */ = {isa = PBXBuildFile; productRef = 1B8E91232D944D01006CAEED /* NIOConcurrencyHelpers */; };
		1B8E91262D944D01006CAEED /* NIOCore in Frameworks */ = {isa = PBXBuildFile; productRef = 1B8E91252D944D01006CAEED /* NIOCore */; };
		1B8E91282D944D01006CAEED /* NIOEmbedded in Frameworks */ = {isa = PBXBuildFile; productRef = 1B8E91272D944D01006CAEED /* NIOEmbedded */; };
		1B8E912A2D944D01006CAEED /* NIOFoundationCompat in Frameworks */ = {isa = PBXBuildFile; productRef = 1B8E91292D944D01006CAEED /* NIOFoundationCompat */; };
		1B8E91302D944F9D006CAEED /* GRPCNIOTransportHTTP2 in Frameworks */ = {isa = PBXBuildFile; productRef = 1B8E912F2D944F9D006CAEED /* GRPCNIOTransportHTTP2 */; };
		1B8E91322D944F9D006CAEED /* GRPCNIOTransportHTTP2Posix in Frameworks */ = {isa = PBXBuildFile; productRef = 1B8E91312D944F9D006CAEED /* GRPCNIOTransportHTTP2Posix */; };
		1B8E91342D944F9D006CAEED /* GRPCNIOTransportHTTP2TransportServices in Frameworks */ = {isa = PBXBuildFile; productRef = 1B8E91332D944F9D006CAEED /* GRPCNIOTransportHTTP2TransportServices */; };
		1B8E91372D945597006CAEED /* ArgumentParser in Frameworks */ = {isa = PBXBuildFile; productRef = 1B8E91362D945597006CAEED /* ArgumentParser */; };
		1BC0E6EC2D93993500A560B2 /* Mwebd.xcframework in Frameworks */ = {isa = PBXBuildFile; fileRef = 1BC0E6EA2D93990A00A560B2 /* Mwebd.xcframework */; };
		1BC0E6ED2D93993500A560B2 /* Mwebd.xcframework in Embed Frameworks */ = {isa = PBXBuildFile; fileRef = 1BC0E6EA2D93990A00A560B2 /* Mwebd.xcframework */; settings = {ATTRIBUTES = (CodeSignOnCopy, RemoveHeadersOnCopy, ); }; };
		1BC0E6F42D939D8900A560B2 /* libresolv.9.tbd in Frameworks */ = {isa = PBXBuildFile; fileRef = 1BC0E6F32D939D4B00A560B2 /* libresolv.9.tbd */; };
/* End PBXBuildFile section */

/* Begin PBXCopyFilesBuildPhase section */
		1BC0E6EE2D93993500A560B2 /* Embed Frameworks */ = {
			isa = PBXCopyFilesBuildPhase;
			buildActionMask = 2147483647;
			dstPath = "";
			dstSubfolderSpec = 10;
			files = (
				1BC0E6ED2D93993500A560B2 /* Mwebd.xcframework in Embed Frameworks */,
			);
			name = "Embed Frameworks";
			runOnlyForDeploymentPostprocessing = 0;
		};
/* End PBXCopyFilesBuildPhase section */

/* Begin PBXFileReference section */
		1BC0E6D92D9398E800A560B2 /* mwebd-example.app */ = {isa = PBXFileReference; explicitFileType = wrapper.application; includeInIndex = 0; path = "mwebd-example.app"; sourceTree = BUILT_PRODUCTS_DIR; };
		1BC0E6EA2D93990A00A560B2 /* Mwebd.xcframework */ = {isa = PBXFileReference; lastKnownFileType = wrapper.xcframework; path = Mwebd.xcframework; sourceTree = "<group>"; };
		1BC0E6F32D939D4B00A560B2 /* libresolv.9.tbd */ = {isa = PBXFileReference; lastKnownFileType = "sourcecode.text-based-dylib-definition"; name = libresolv.9.tbd; path = usr/lib/libresolv.9.tbd; sourceTree = SDKROOT; };
/* End PBXFileReference section */

/* Begin PBXFileSystemSynchronizedRootGroup section */
		1BC0E6DB2D9398E800A560B2 /* mwebd-example */ = {
			isa = PBXFileSystemSynchronizedRootGroup;
			path = "mwebd-example";
			sourceTree = "<group>";
		};
/* End PBXFileSystemSynchronizedRootGroup section */

/* Begin PBXFrameworksBuildPhase section */
		1BC0E6D62D9398E800A560B2 /* Frameworks */ = {
			isa = PBXFrameworksBuildPhase;
			buildActionMask = 2147483647;
			files = (
				1B8E911E2D944AD6006CAEED /* GRPCProtobuf in Frameworks */,
				1BC0E6F42D939D8900A560B2 /* libresolv.9.tbd in Frameworks */,
				1B8E910B2D93AE44006CAEED /* BitcoinKit in Frameworks */,
				1B8E91302D944F9D006CAEED /* GRPCNIOTransportHTTP2 in Frameworks */,
				1B8E91142D944A7E006CAEED /* SwiftProtobufPluginLibrary in Frameworks */,
				1B8E912A2D944D01006CAEED /* NIOFoundationCompat in Frameworks */,
				1B8E91242D944D01006CAEED /* NIOConcurrencyHelpers in Frameworks */,
				1BC0E6EC2D93993500A560B2 /* Mwebd.xcframework in Frameworks */,
				1B8E91262D944D01006CAEED /* NIOCore in Frameworks */,
				1B8E91172D944AC1006CAEED /* GRPCCodeGen in Frameworks */,
				1B8E911B2D944AC1006CAEED /* GRPCInProcessTransport in Frameworks */,
				1B8E91282D944D01006CAEED /* NIOEmbedded in Frameworks */,
				1B8E91372D945597006CAEED /* ArgumentParser in Frameworks */,
				1B8E91122D944A7E006CAEED /* SwiftProtobuf in Frameworks */,
				1B8E91342D944F9D006CAEED /* GRPCNIOTransportHTTP2TransportServices in Frameworks */,
				1B8E91192D944AC1006CAEED /* GRPCCore in Frameworks */,
				1B8E91322D944F9D006CAEED /* GRPCNIOTransportHTTP2Posix in Frameworks */,
				1B8E91222D944D01006CAEED /* NIO in Frameworks */,
			);
			runOnlyForDeploymentPostprocessing = 0;
		};
/* End PBXFrameworksBuildPhase section */

/* Begin PBXGroup section */
		1BC0E6D02D9398E800A560B2 = {
			isa = PBXGroup;
			children = (
				1BC0E6DB2D9398E800A560B2 /* mwebd-example */,
				1BC0E6F22D939D4B00A560B2 /* Frameworks */,
				1BC0E6DA2D9398E800A560B2 /* Products */,
			);
			sourceTree = "<group>";
		};
		1BC0E6DA2D9398E800A560B2 /* Products */ = {
			isa = PBXGroup;
			children = (
				1BC0E6D92D9398E800A560B2 /* mwebd-example.app */,
			);
			name = Products;
			sourceTree = "<group>";
		};
		1BC0E6F22D939D4B00A560B2 /* Frameworks */ = {
			isa = PBXGroup;
			children = (
				1BC0E6EA2D93990A00A560B2 /* Mwebd.xcframework */,
				1BC0E6F32D939D4B00A560B2 /* libresolv.9.tbd */,
			);
			name = Frameworks;
			sourceTree = "<group>";
		};
/* End PBXGroup section */

/* Begin PBXNativeTarget section */
		1BC0E6D82D9398E800A560B2 /* mwebd-example */ = {
			isa = PBXNativeTarget;
			buildConfigurationList = 1BC0E6E72D9398E900A560B2 /* Build configuration list for PBXNativeTarget "mwebd-example" */;
			buildPhases = (
				1BC0E6D52D9398E800A560B2 /* Sources */,
				1BC0E6D62D9398E800A560B2 /* Frameworks */,
				1BC0E6D72D9398E800A560B2 /* Resources */,
				1BC0E6EE2D93993500A560B2 /* Embed Frameworks */,
			);
			buildRules = (
			);
			dependencies = (
			);
			fileSystemSynchronizedGroups = (
				1BC0E6DB2D9398E800A560B2 /* mwebd-example */,
			);
			name = "mwebd-example";
			packageProductDependencies = (
				1B8E910A2D93AE44006CAEED /* BitcoinKit */,
				1B8E91112D944A7E006CAEED /* SwiftProtobuf */,
				1B8E91132D944A7E006CAEED /* SwiftProtobufPluginLibrary */,
				1B8E91162D944AC1006CAEED /* GRPCCodeGen */,
				1B8E91182D944AC1006CAEED /* GRPCCore */,
				1B8E911A2D944AC1006CAEED /* GRPCInProcessTransport */,
				1B8E911D2D944AD6006CAEED /* GRPCProtobuf */,
				1B8E91212D944D01006CAEED /* NIO */,
				1B8E91232D944D01006CAEED /* NIOConcurrencyHelpers */,
				1B8E91252D944D01006CAEED /* NIOCore */,
				1B8E91272D944D01006CAEED /* NIOEmbedded */,
				1B8E91292D944D01006CAEED /* NIOFoundationCompat */,
				1B8E912F2D944F9D006CAEED /* GRPCNIOTransportHTTP2 */,
				1B8E91312D944F9D006CAEED /* GRPCNIOTransportHTTP2Posix */,
				1B8E91332D944F9D006CAEED /* GRPCNIOTransportHTTP2TransportServices */,
				1B8E91362D945597006CAEED /* ArgumentParser */,
			);
			productName = "mwebd-example";
			productReference = 1BC0E6D92D9398E800A560B2 /* mwebd-example.app */;
			productType = "com.apple.product-type.application";
		};
/* End PBXNativeTarget section */

/* Begin PBXProject section */
		1BC0E6D12D9398E800A560B2 /* Project object */ = {
			isa = PBXProject;
			attributes = {
				BuildIndependentTargetsInParallel = 1;
				LastSwiftUpdateCheck = 1620;
				LastUpgradeCheck = 1620;
				TargetAttributes = {
					1BC0E6D82D9398E800A560B2 = {
						CreatedOnToolsVersion = 16.2;
					};
				};
			};
			buildConfigurationList = 1BC0E6D42D9398E800A560B2 /* Build configuration list for PBXProject "mwebd-example" */;
			developmentRegion = en;
			hasScannedForEncodings = 0;
			knownRegions = (
				en,
				Base,
			);
			mainGroup = 1BC0E6D02D9398E800A560B2;
			minimizedProjectReferenceProxies = 1;
			packageReferences = (
				1B8E91092D93AE44006CAEED /* XCRemoteSwiftPackageReference "BitcoinKit" */,
				1B8E91102D944A7E006CAEED /* XCRemoteSwiftPackageReference "swift-protobuf" */,
				1B8E91152D944AC1006CAEED /* XCRemoteSwiftPackageReference "grpc-swift" */,
				1B8E911C2D944AD6006CAEED /* XCRemoteSwiftPackageReference "grpc-swift-protobuf" */,
				1B8E91202D944D01006CAEED /* XCRemoteSwiftPackageReference "swift-nio" */,
				1B8E912E2D944F9D006CAEED /* XCRemoteSwiftPackageReference "grpc-swift-nio-transport" */,
				1B8E91352D945597006CAEED /* XCRemoteSwiftPackageReference "swift-argument-parser" */,
			);
			preferredProjectObjectVersion = 77;
			productRefGroup = 1BC0E6DA2D9398E800A560B2 /* Products */;
			projectDirPath = "";
			projectRoot = "";
			targets = (
				1BC0E6D82D9398E800A560B2 /* mwebd-example */,
			);
		};
/* End PBXProject section */

/* Begin PBXResourcesBuildPhase section */
		1BC0E6D72D9398E800A560B2 /* Resources */ = {
			isa = PBXResourcesBuildPhase;
			buildActionMask = 2147483647;
			files = (
			);
			runOnlyForDeploymentPostprocessing = 0;
		};
/* End PBXResourcesBuildPhase section */

/* Begin PBXSourcesBuildPhase section */
		1BC0E6D52D9398E800A560B2 /* Sources */ = {
			isa = PBXSourcesBuildPhase;
			buildActionMask = 2147483647;
			files = (
			);
			runOnlyForDeploymentPostprocessing = 0;
		};
/* End PBXSourcesBuildPhase section */

/* Begin XCBuildConfiguration section */
		1BC0E6E52D9398E900A560B2 /* Debug */ = {
			isa = XCBuildConfiguration;
			buildSettings = {
				ALWAYS_SEARCH_USER_PATHS = NO;
				ASSETCATALOG_COMPILER_GENERATE_SWIFT_ASSET_SYMBOL_EXTENSIONS = YES;
				CLANG_ANALYZER_NONNULL = YES;
				CLANG_ANALYZER_NUMBER_OBJECT_CONVERSION = YES_AGGRESSIVE;
				CLANG_CXX_LANGUAGE_STANDARD = "gnu++20";
				CLANG_ENABLE_MODULES = YES;
				CLANG_ENABLE_OBJC_ARC = YES;
				CLANG_ENABLE_OBJC_WEAK = YES;
				CLANG_WARN_BLOCK_CAPTURE_AUTORELEASING = YES;
				CLANG_WARN_BOOL_CONVERSION = YES;
				CLANG_WARN_COMMA = YES;
				CLANG_WARN_CONSTANT_CONVERSION = YES;
				CLANG_WARN_DEPRECATED_OBJC_IMPLEMENTATIONS = YES;
				CLANG_WARN_DIRECT_OBJC_ISA_USAGE = YES_ERROR;
				CLANG_WARN_DOCUMENTATION_COMMENTS = YES;
				CLANG_WARN_EMPTY_BODY = YES;
				CLANG_WARN_ENUM_CONVERSION = YES;
				CLANG_WARN_INFINITE_RECURSION = YES;
				CLANG_WARN_INT_CONVERSION = YES;
				CLANG_WARN_NON_LITERAL_NULL_CONVERSION = YES;
				CLANG_WARN_OBJC_IMPLICIT_RETAIN_SELF = YES;
				CLANG_WARN_OBJC_LITERAL_CONVERSION = YES;
				CLANG_WARN_OBJC_ROOT_CLASS = YES_ERROR;
				CLANG_WARN_QUOTED_INCLUDE_IN_FRAMEWORK_HEADER = YES;
				CLANG_WARN_RANGE_LOOP_ANALYSIS = YES;
				CLANG_WARN_STRICT_PROTOTYPES = YES;
				CLANG_WARN_SUSPICIOUS_MOVE = YES;
				CLANG_WARN_UNGUARDED_AVAILABILITY = YES_AGGRESSIVE;
				CLANG_WARN_UNREACHABLE_CODE = YES;
				CLANG_WARN__DUPLICATE_METHOD_MATCH = YES;
				COPY_PHASE_STRIP = NO;
				DEBUG_INFORMATION_FORMAT = dwarf;
				ENABLE_STRICT_OBJC_MSGSEND = YES;
				ENABLE_TESTABILITY = YES;
				ENABLE_USER_SCRIPT_SANDBOXING = YES;
				GCC_C_LANGUAGE_STANDARD = gnu17;
				GCC_DYNAMIC_NO_PIC = NO;
				GCC_NO_COMMON_BLOCKS = YES;
				GCC_OPTIMIZATION_LEVEL = 0;
				GCC_PREPROCESSOR_DEFINITIONS = (
					"DEBUG=1",
					"$(inherited)",
				);
				GCC_WARN_64_TO_32_BIT_CONVERSION = YES;
				GCC_WARN_ABOUT_RETURN_TYPE = YES_ERROR;
				GCC_WARN_UNDECLARED_SELECTOR = YES;
				GCC_WARN_UNINITIALIZED_AUTOS = YES_AGGRESSIVE;
				GCC_WARN_UNUSED_FUNCTION = YES;
				GCC_WARN_UNUSED_VARIABLE = YES;
				IPHONEOS_DEPLOYMENT_TARGET = 18.2;
				LOCALIZATION_PREFERS_STRING_CATALOGS = YES;
				MTL_ENABLE_DEBUG_INFO = INCLUDE_SOURCE;
				MTL_FAST_MATH = YES;
				ONLY_ACTIVE_ARCH = YES;
				SDKROOT = iphoneos;
				SWIFT_ACTIVE_COMPILATION_CONDITIONS = "DEBUG $(inherited)";
				SWIFT_OPTIMIZATION_LEVEL = "-Onone";
			};
			name = Debug;
		};
		1BC0E6E62D9398E900A560B2 /* Release */ = {
			isa = XCBuildConfiguration;
			buildSettings = {
				ALWAYS_SEARCH_USER_PATHS = NO;
				ASSETCATALOG_COMPILER_GENERATE_SWIFT_ASSET_SYMBOL_EXTENSIONS = YES;
				CLANG_ANALYZER_NONNULL = YES;
				CLANG_ANALYZER_NUMBER_OBJECT_CONVERSION = YES_AGGRESSIVE;
				CLANG_CXX_LANGUAGE_STANDARD = "gnu++20";
				CLANG_ENABLE_MODULES = YES;
				CLANG_ENABLE_OBJC_ARC = YES;
				CLANG_ENABLE_OBJC_WEAK = YES;
				CLANG_WARN_BLOCK_CAPTURE_AUTORELEASING = YES;
				CLANG_WARN_BOOL_CONVERSION = YES;
				CLANG_WARN_COMMA = YES;
				CLANG_WARN_CONSTANT_CONVERSION = YES;
				CLANG_WARN_DEPRECATED_OBJC_IMPLEMENTATIONS = YES;
				CLANG_WARN_DIRECT_OBJC_ISA_USAGE = YES_ERROR;
				CLANG_WARN_DOCUMENTATION_COMMENTS = YES;
				CLANG_WARN_EMPTY_BODY = YES;
				CLANG_WARN_ENUM_CONVERSION = YES;
				CLANG_WARN_INFINITE_RECURSION = YES;
				CLANG_WARN_INT_CONVERSION = YES;
				CLANG_WARN_NON_LITERAL_NULL_CONVERSION = YES;
				CLANG_WARN_OBJC_IMPLICIT_RETAIN_SELF = YES;
				CLANG_WARN_OBJC_LITERAL_CONVERSION = YES;
				CLANG_WARN_OBJC_ROOT_CLASS = YES_ERROR;
				CLANG_WARN_QUOTED_INCLUDE_IN_FRAMEWORK_HEADER = YES;
				CLANG_WARN_RANGE_LOOP_ANALYSIS = YES;
				CLANG_WARN_STRICT_PROTOTYPES = YES;
				CLANG_WARN_SUSPICIOUS_MOVE = YES;
				CLANG_WARN_UNGUARDED_AVAILABILITY = YES_AGGRESSIVE;
				CLANG_WARN_UNREACHABLE_CODE = YES;
				CLANG_WARN__DUPLICATE_METHOD_MATCH = YES;
				COPY_PHASE_STRIP = NO;
				DEBUG_INFORMATION_FORMAT = "dwarf-with-dsym";
				ENABLE_NS_ASSERTIONS = NO;
				ENABLE_STRICT_OBJC_MSGSEND = YES;
				ENABLE_USER_SCRIPT_SANDBOXING = YES;
				GCC_C_LANGUAGE_STANDARD = gnu17;
				GCC_NO_COMMON_BLOCKS = YES;
				GCC_WARN_64_TO_32_BIT_CONVERSION = YES;
				GCC_WARN_ABOUT_RETURN_TYPE = YES_ERROR;
				GCC_WARN_UNDECLARED_SELECTOR = YES;
				GCC_WARN_UNINITIALIZED_AUTOS = YES_AGGRESSIVE;
				GCC_WARN_UNUSED_FUNCTION = YES;
				GCC_WARN_UNUSED_VARIABLE = YES;
				IPHONEOS_DEPLOYMENT_TARGET = 18.2;
				LOCALIZATION_PREFERS_STRING_CATALOGS = YES;
				MTL_ENABLE_DEBUG_INFO = NO;
				MTL_FAST_MATH = YES;
				SDKROOT = iphoneos;
				SWIFT_COMPILATION_MODE = wholemodule;
				VALIDATE_PRODUCT = YES;
			};
			name = Release;
		};
		1BC0E6E82D9398E900A560B2 /* Debug */ = {
			isa = XCBuildConfiguration;
			buildSettings = {
				ASSETCATALOG_COMPILER_APPICON_NAME = AppIcon;
				ASSETCATALOG_COMPILER_GLOBAL_ACCENT_COLOR_NAME = AccentColor;
				CODE_SIGN_STYLE = Automatic;
				CURRENT_PROJECT_VERSION = 1;
				DEVELOPMENT_ASSET_PATHS = "\"mwebd-example/Preview Content\"";
				DEVELOPMENT_TEAM = ZV7987N2ZC;
				ENABLE_PREVIEWS = YES;
				GENERATE_INFOPLIST_FILE = YES;
				INFOPLIST_KEY_CFBundleDisplayName = mwebd;
				INFOPLIST_KEY_UIApplicationSceneManifest_Generation = YES;
				INFOPLIST_KEY_UIApplicationSupportsIndirectInputEvents = YES;
				INFOPLIST_KEY_UILaunchScreen_Generation = YES;
				INFOPLIST_KEY_UISupportedInterfaceOrientations_iPad = "UIInterfaceOrientationPortrait UIInterfaceOrientationPortraitUpsideDown UIInterfaceOrientationLandscapeLeft UIInterfaceOrientationLandscapeRight";
				INFOPLIST_KEY_UISupportedInterfaceOrientations_iPhone = "UIInterfaceOrientationPortrait UIInterfaceOrientationLandscapeLeft UIInterfaceOrientationLandscapeRight";
				LD_RUNPATH_SEARCH_PATHS = (
					"$(inherited)",
					"@executable_path/Frameworks",
				);
				MARKETING_VERSION = 1.0;
				PRODUCT_BUNDLE_IDENTIFIER = "com.litecoin.mwebd.mwebd-example";
				PRODUCT_NAME = "$(TARGET_NAME)";
				SWIFT_EMIT_LOC_STRINGS = YES;
				SWIFT_VERSION = 5.0;
				TARGETED_DEVICE_FAMILY = "1,2";
			};
			name = Debug;
		};
		1BC0E6E92D9398E900A560B2 /* Release */ = {
			isa = XCBuildConfiguration;
			buildSettings = {
				ASSETCATALOG_COMPILER_APPICON_NAME = AppIcon;
				ASSETCATALOG_COMPILER_GLOBAL_ACCENT_COLOR_NAME = AccentColor;
				CODE_SIGN_STYLE = Automatic;
				CURRENT_PROJECT_VERSION = 1;
				DEVELOPMENT_ASSET_PATHS = "\"mwebd-example/Preview Content\"";
				DEVELOPMENT_TEAM = ZV7987N2ZC;
				ENABLE_PREVIEWS = YES;
				GENERATE_INFOPLIST_FILE = YES;
				INFOPLIST_KEY_CFBundleDisplayName = mwebd;
				INFOPLIST_KEY_UIApplicationSceneManifest_Generation = YES;
				INFOPLIST_KEY_UIApplicationSupportsIndirectInputEvents = YES;
				INFOPLIST_KEY_UILaunchScreen_Generation = YES;
				INFOPLIST_KEY_UISupportedInterfaceOrientations_iPad = "UIInterfaceOrientationPortrait UIInterfaceOrientationPortraitUpsideDown UIInterfaceOrientationLandscapeLeft UIInterfaceOrientationLandscapeRight";
				INFOPLIST_KEY_UISupportedInterfaceOrientations_iPhone = "UIInterfaceOrientationPortrait UIInterfaceOrientationLandscapeLeft UIInterfaceOrientationLandscapeRight";
				LD_RUNPATH_SEARCH_PATHS = (
					"$(inherited)",
					"@executable_path/Frameworks",
				);
				MARKETING_VERSION = 1.0;
				PRODUCT_BUNDLE_IDENTIFIER = "com.litecoin.mwebd.mwebd-example";
				PRODUCT_NAME = "$(TARGET_NAME)";
				SWIFT_EMIT_LOC_STRINGS = YES;
				SWIFT_VERSION = 5.0;
				TARGETED_DEVICE_FAMILY = "1,2";
			};
			name = Release;
		};
/* End XCBuildConfiguration section */

/* Begin XCConfigurationList section */
		1BC0E6D42D9398E800A560B2 /* Build configuration list for PBXProject "mwebd-example" */ = {
			isa = XCConfigurationList;
			buildConfigurations = (
				1BC0E6E52D9398E900A560B2 /* Debug */,
				1BC0E6E62D9398E900A560B2 /* Release */,
			);
			defaultConfigurationIsVisible = 0;
			defaultConfigurationName = Release;
		};
		1BC0E6E72D9398E900A560B2 /* Build configuration list for PBXNativeTarget "mwebd-example" */ = {
			isa = XCConfigurationList;
			buildConfigurations = (
				1BC0E6E82D9398E900A560B2 /* Debug */,
				1BC0E6E92D9398E900A560B2 /* Release */,
			);
			defaultConfigurationIsVisible = 0;
			defaultConfigurationName = Release;
		};
/* End XCConfigurationList section */

/* Begin XCRemoteSwiftPackageReference section */
		1B8E91092D93AE44006CAEED /* XCRemoteSwiftPackageReference "BitcoinKit" */ = {
			isa = XCRemoteSwiftPackageReference;
			repositoryURL = "https://github.com/yspreen/BitcoinKit.git";
			requirement = {
				branch = master;
				kind = branch;
			};
		};
		1B8E91102D944A7E006CAEED /* XCRemoteSwiftPackageReference "swift-protobuf" */ = {
			isa = XCRemoteSwiftPackageReference;
			repositoryURL = "https://github.com/apple/swift-protobuf.git";
			requirement = {
				kind = upToNextMajorVersion;
				minimumVersion = 1.29.0;
			};
		};
		1B8E91152D944AC1006CAEED /* XCRemoteSwiftPackageReference "grpc-swift" */ = {
			isa = XCRemoteSwiftPackageReference;
			repositoryURL = "https://github.com/grpc/grpc-swift.git";
			requirement = {
				kind = upToNextMajorVersion;
				minimumVersion = 2.1.2;
			};
		};
		1B8E911C2D944AD6006CAEED /* XCRemoteSwiftPackageReference "grpc-swift-protobuf" */ = {
			isa = XCRemoteSwiftPackageReference;
			repositoryURL = "https://github.com/grpc/grpc-swift-protobuf.git";
			requirement = {
				kind = upToNextMajorVersion;
				minimumVersion = 1.1.0;
			};
		};
		1B8E91202D944D01006CAEED /* XCRemoteSwiftPackageReference "swift-nio" */ = {
			isa = XCRemoteSwiftPackageReference;
			repositoryURL = "https://github.com/apple/swift-nio.git";
			requirement = {
				kind = upToNextMajorVersion;
				minimumVersion = 2.81.0;
			};
		};
		1B8E912E2D944F9D006CAEED /* XCRemoteSwiftPackageReference "grpc-swift-nio-transport" */ = {
			isa = XCRemoteSwiftPackageReference;
			repositoryURL = "https://github.com/grpc/grpc-swift-nio-transport.git";
			requirement = {
				kind = upToNextMajorVersion;
				minimumVersion = 1.0.2;
			};
		};
		1B8E91352D945597006CAEED /* XCRemoteSwiftPackageReference "swift-argument-parser" */ = {
			isa = XCRemoteSwiftPackageReference;
			repositoryURL = "https://github.com/apple/swift-argument-parser.git";
			requirement = {
				kind = upToNextMajorVersion;
				minimumVersion = 1.5.0;
			};
		};
/* End XCRemoteSwiftPackageReference section */

/* Begin XCSwiftPackageProductDependency section */
		1B8E910A2D93AE44006CAEED /* BitcoinKit */ = {
			isa = XCSwiftPackageProductDependency;
			package = 1B8E91092D93AE44006CAEED /* XCRemoteSwiftPackageReference "BitcoinKit" */;
			productName = BitcoinKit;
		};
		1B8E91112D944A7E006CAEED /* SwiftProtobuf */ = {
			isa = XCSwiftPackageProductDependency;
			package = 1B8E91102D944A7E006CAEED /* XCRemoteSwiftPackageReference "swift-protobuf" */;
			productName = SwiftProtobuf;
		};
		1B8E91132D944A7E006CAEED /* SwiftProtobufPluginLibrary */ = {
			isa = XCSwiftPackageProductDependency;
			package = 1B8E91102D944A7E006CAEED /* XCRemoteSwiftPackageReference "swift-protobuf" */;
			productName = SwiftProtobufPluginLibrary;
		};
		1B8E91162D944AC1006CAEED /* GRPCCodeGen */ = {
			isa = XCSwiftPackageProductDependency;
			package = 1B8E91152D944AC1006CAEED /* XCRemoteSwiftPackageReference "grpc-swift" */;
			productName = GRPCCodeGen;
		};
		1B8E91182D944AC1006CAEED /* GRPCCore */ = {
			isa = XCSwiftPackageProductDependency;
			package = 1B8E91152D944AC1006CAEED /* XCRemoteSwiftPackageReference "grpc-swift" */;
			productName = GRPCCore;
		};
		1B8E911A2D944AC1006CAEED /* GRPCInProcessTransport */ = {
			isa = XCSwiftPackageProductDependency;
			package = 1B8E91152D944AC1006CAEED /* XCRemoteSwiftPackageReference "grpc-swift" */;
			productName = GRPCInProcessTransport;
		};
		1B8E911D2D944AD6006CAEED /* GRPCProtobuf */ = {
			isa = XCSwiftPackageProductDependency;
			package = 1B8E911C2D944AD6006CAEED /* XCRemoteSwiftPackageReference "grpc-swift-protobuf" */;
			productName = GRPCProtobuf;
		};
		1B8E91212D944D01006CAEED /* NIO */ = {
			isa = XCSwiftPackageProductDependency;
			package = 1B8E91202D944D01006CAEED /* XCRemoteSwiftPackageReference "swift-nio" */;
			productName = NIO;
		};
		1B8E91232D944D01006CAEED /* NIOConcurrencyHelpers */ = {
			isa = XCSwiftPackageProductDependency;
			package = 1B8E91202D944D01006CAEED /* XCRemoteSwiftPackageReference "swift-nio" */;
			productName = NIOConcurrencyHelpers;
		};
		1B8E91252D944D01006CAEED /* NIOCore */ = {
			isa = XCSwiftPackageProductDependency;
			package = 1B8E91202D944D01006CAEED /* XCRemoteSwiftPackageReference "swift-nio" */;
			productName = NIOCore;
		};
		1B8E91272D944D01006CAEED /* NIOEmbedded */ = {
			isa = XCSwiftPackageProductDependency;
			package = 1B8E91202D944D01006CAEED /* XCRemoteSwiftPackageReference "swift-nio" */;
			productName = NIOEmbedded;
		};
		1B8E91292D944D01006CAEED /* NIOFoundationCompat */ = {
			isa = XCSwiftPackageProductDependency;
			package = 1B8E91202D944D01006CAEED /* XCRemoteSwiftPackageReference "swift-nio" */;
			productName = NIOFoundationCompat;
		};
		1B8E912F2D944F9D006CAEED /* GRPCNIOTransportHTTP2 */ = {
			isa = XCSwiftPackageProductDependency;
			package = 1B8E912E2D944F9D006CAEED /* XCRemoteSwiftPackageReference "grpc-swift-nio-transport" */;
			productName = GRPCNIOTransportHTTP2;
		};
		1B8E91312D944F9D006CAEED /* GRPCNIOTransportHTTP2Posix */ = {
			isa = XCSwiftPackageProductDependency;
			package = 1B8E912E2D944F9D006CAEED /* XCRemoteSwiftPackageReference "grpc-swift-nio-transport" */;
			productName = GRPCNIOTransportHTTP2Posix;
		};
		1B8E91332D944F9D006CAEED /* GRPCNIOTransportHTTP2TransportServices */ = {
			isa = XCSwiftPackageProductDependency;
			package = 1B8E912E2D944F9D006CAEED /* XCRemoteSwiftPackageReference "grpc-swift-nio-transport" */;
			productName = GRPCNIOTransportHTTP2TransportServices;
		};
		1B8E91362D945597006CAEED /* ArgumentParser */ = {
			isa = XCSwiftPackageProductDependency;
			package = 1B8E91352D945597006CAEED /* XCRemoteSwiftPackageReference "swift-argument-parser" */;
			productName = ArgumentParser;
		};
/* End XCSwiftPackageProductDependency section */
	};
	rootObject = 1BC0E6D12D9398E800A560B2 /* Project object */;
}
